
Microsoft Visual Studio Solution File, Format Version 11.00
# Visual C# Express 2010
Project("{FAE04EC0-301F-11D3-BF4B-00C04F79EFBC}") = "Ex1_1", "Ex1_1\Ex1_1.csproj", "{600E2170-3A73-4934-8522-2EE64F168A2F}"
EndProject
Project("{FAE04EC0-301F-11D3-BF4B-00C04F79EFBC}") = "Ex3_1", "Ex3_1\Ex3_1.csproj", "{25E09D0C-3743-4ED3-A003-9F6095B08D0B}"
EndProject
Project("{FAE04EC0-301F-11D3-BF4B-00C04F79EFBC}") = "Ex3_2", "Ex3_2\Ex3_2.csproj", "{2BAED936-3E0B-4870-9F93-B01FEB7D4F28}"
EndProject
Project("{FAE04EC0-301F-11D3-BF4B-00C04F79EFBC}") = "Ex3_3", "Ex3_3\Ex3_3.csproj", "{78020978-829B-4E7D-8C69-ADC96B75F580}"
EndProject
Project("{FAE04EC0-301F-11D3-BF4B-00C04F79EFBC}") = "Ex3_4", "Ex3_4\Ex3_4.csproj", "{DE0027D4-0FF5-4485-B732-790D70A1E51F}"
EndProject
Project("{FAE04EC0-301F-11D3-BF4B-00C04F79EFBC}") = "Ex4_1", "Ex4_1\Ex4_1.csproj", "{1E2B05AA-A12F-4872-B963-A4947BC0472A}"
EndProject
Project("{FAE04EC0-301F-11D3-BF4B-00C04F79EFBC}") = "Ex4_3", "Ex4_3\Ex4_3.csproj", "{CB794AA0-4B9A-4393-AD57-EC3E31CB182C}"
EndProject
Project("{FAE04EC0-301F-11D3-BF4B-00C04F79EFBC}") = "Ex4_4", "Ex4_4\Ex4_4.csproj", "{71F80C03-11C1-4E23-9F0F-3FBD873933F2}"
EndProject
Project("{FAE04EC0-301F-11D3-BF4B-00C04F79EFBC}") = "Ex5_1", "Ex5_1\Ex5_1.csproj", "{20F41612-070A-422D-9373-C0FE4F4BDC82}"
EndProject
Project("{FAE04EC0-301F-11D3-BF4B-00C04F79EFBC}") = "Ex5_2", "Ex5_2\Ex5_2.csproj", "{66888D34-4590-4D21-B26F-DBF1C223CBFE}"
EndProject
Project("{FAE04EC0-301F-11D3-BF4B-00C04F79EFBC}") = "Ex5_3", "Ex5_3\Ex5_3.csproj", "{40A2D9DD-DE93-4EDD-85C9-6C5D2D3A2709}"
EndProject
Project("{FAE04EC0-301F-11D3-BF4B-00C04F79EFBC}") = "Ex5_4", "Ex5_4\Ex5_4.csproj", "{FA5FAE24-AE36-4351-9215-F8B54B1CB3CB}"
EndProject
Project("{FAE04EC0-301F-11D3-BF4B-00C04F79EFBC}") = "Ex6_2", "Ex6_2\Ex6_2.csproj", "{3E9C910C-F1B2-4B23-8C64-85DEF0BA56D2}"
EndProject
Project("{FAE04EC0-301F-11D3-BF4B-00C04F79EFBC}") = "Ex7_1", "Ex7_1\Ex7_1.csproj", "{B65FF94B-CA08-4E76-917A-680D8E199C19}"
EndProject
Project("{FAE04EC0-301F-11D3-BF4B-00C04F79EFBC}") = "Ex7_2", "Ex7_2\Ex7_2.csproj", "{111763F7-0F9A-4927-BC70-599557770161}"
EndProject
Project("{FAE04EC0-301F-11D3-BF4B-00C04F79EFBC}") = "Ex7_3", "Ex7_3\Ex7_3.csproj", "{631F4DFC-8244-4DE4-BB12-5CF60B8935B6}"
EndProject
Project("{FAE04EC0-301F-11D3-BF4B-00C04F79EFBC}") = "Ex7_4", "Ex7_4\Ex7_4.csproj", "{987A1AE0-F76E-4963-982F-EBADAE694DBC}"
EndProject
Global
	GlobalSection(SolutionConfigurationPlatforms) = preSolution
		Debug|x86 = Debug|x86
		Release|x86 = Release|x86
	EndGlobalSection
	GlobalSection(ProjectConfigurationPlatforms) = postSolution
		{600E2170-3A73-4934-8522-2EE64F168A2F}.Debug|x86.ActiveCfg = Debug|x86
		{600E2170-3A73-4934-8522-2EE64F168A2F}.Debug|x86.Build.0 = Debug|x86
		{600E2170-3A73-4934-8522-2EE64F168A2F}.Release|x86.ActiveCfg = Release|x86
		{600E2170-3A73-4934-8522-2EE64F168A2F}.Release|x86.Build.0 = Release|x86
		{25E09D0C-3743-4ED3-A003-9F6095B08D0B}.Debug|x86.ActiveCfg = Debug|x86
		{25E09D0C-3743-4ED3-A003-9F6095B08D0B}.Debug|x86.Build.0 = Debug|x86
		{25E09D0C-3743-4ED3-A003-9F6095B08D0B}.Release|x86.ActiveCfg = Release|x86
		{25E09D0C-3743-4ED3-A003-9F6095B08D0B}.Release|x86.Build.0 = Release|x86
		{2BAED936-3E0B-4870-9F93-B01FEB7D4F28}.Debug|x86.ActiveCfg = Debug|x86
		{2BAED936-3E0B-4870-9F93-B01FEB7D4F28}.Debug|x86.Build.0 = Debug|x86
		{2BAED936-3E0B-4870-9F93-B01FEB7D4F28}.Release|x86.ActiveCfg = Release|x86
		{2BAED936-3E0B-4870-9F93-B01FEB7D4F28}.Release|x86.Build.0 = Release|x86
		{78020978-829B-4E7D-8C69-ADC96B75F580}.Debug|x86.ActiveCfg = Debug|x86
		{78020978-829B-4E7D-8C69-ADC96B75F580}.Debug|x86.Build.0 = Debug|x86
		{78020978-829B-4E7D-8C69-ADC96B75F580}.Release|x86.ActiveCfg = Release|x86
		{78020978-829B-4E7D-8C69-ADC96B75F580}.Release|x86.Build.0 = Release|x86
		{DE0027D4-0FF5-4485-B732-790D70A1E51F}.Debug|x86.ActiveCfg = Debug|x86
		{DE0027D4-0FF5-4485-B732-790D70A1E51F}.Debug|x86.Build.0 = Debug|x86
		{DE0027D4-0FF5-4485-B732-790D70A1E51F}.Release|x86.ActiveCfg = Release|x86
		{DE0027D4-0FF5-4485-B732-790D70A1E51F}.Release|x86.Build.0 = Release|x86
		{1E2B05AA-A12F-4872-B963-A4947BC0472A}.Debug|x86.ActiveCfg = Debug|x86
		{1E2B05AA-A12F-4872-B963-A4947BC0472A}.Debug|x86.Build.0 = Debug|x86
		{1E2B05AA-A12F-4872-B963-A4947BC0472A}.Release|x86.ActiveCfg = Release|x86
		{1E2B05AA-A12F-4872-B963-A4947BC0472A}.Release|x86.Build.0 = Release|x86
		{CB794AA0-4B9A-4393-AD57-EC3E31CB182C}.Debug|x86.ActiveCfg = Debug|x86
		{CB794AA0-4B9A-4393-AD57-EC3E31CB182C}.Debug|x86.Build.0 = Debug|x86
		{CB794AA0-4B9A-4393-AD57-EC3E31CB182C}.Release|x86.ActiveCfg = Release|x86
		{CB794AA0-4B9A-4393-AD57-EC3E31CB182C}.Release|x86.Build.0 = Release|x86
		{71F80C03-11C1-4E23-9F0F-3FBD873933F2}.Debug|x86.ActiveCfg = Debug|x86
		{71F80C03-11C1-4E23-9F0F-3FBD873933F2}.Debug|x86.Build.0 = Debug|x86
		{71F80C03-11C1-4E23-9F0F-3FBD873933F2}.Release|x86.ActiveCfg = Release|x86
		{71F80C03-11C1-4E23-9F0F-3FBD873933F2}.Release|x86.Build.0 = Release|x86
		{20F41612-070A-422D-9373-C0FE4F4BDC82}.Debug|x86.ActiveCfg = Debug|x86
		{20F41612-070A-422D-9373-C0FE4F4BDC82}.Debug|x86.Build.0 = Debug|x86
		{20F41612-070A-422D-9373-C0FE4F4BDC82}.Release|x86.ActiveCfg = Release|x86
		{20F41612-070A-422D-9373-C0FE4F4BDC82}.Release|x86.Build.0 = Release|x86
		{66888D34-4590-4D21-B26F-DBF1C223CBFE}.Debug|x86.ActiveCfg = Debug|x86
		{66888D34-4590-4D21-B26F-DBF1C223CBFE}.Debug|x86.Build.0 = Debug|x86
		{66888D34-4590-4D21-B26F-DBF1C223CBFE}.Release|x86.ActiveCfg = Release|x86
		{66888D34-4590-4D21-B26F-DBF1C223CBFE}.Release|x86.Build.0 = Release|x86
		{40A2D9DD-DE93-4EDD-85C9-6C5D2D3A2709}.Debug|x86.ActiveCfg = Debug|x86
		{40A2D9DD-DE93-4EDD-85C9-6C5D2D3A2709}.Debug|x86.Build.0 = Debug|x86
		{40A2D9DD-DE93-4EDD-85C9-6C5D2D3A2709}.Release|x86.ActiveCfg = Release|x86
		{40A2D9DD-DE93-4EDD-85C9-6C5D2D3A2709}.Release|x86.Build.0 = Release|x86
		{FA5FAE24-AE36-4351-9215-F8B54B1CB3CB}.Debug|x86.ActiveCfg = Debug|x86
		{FA5FAE24-AE36-4351-9215-F8B54B1CB3CB}.Debug|x86.Build.0 = Debug|x86
		{FA5FAE24-AE36-4351-9215-F8B54B1CB3CB}.Release|x86.ActiveCfg = Release|x86
		{FA5FAE24-AE36-4351-9215-F8B54B1CB3CB}.Release|x86.Build.0 = Release|x86
		{3E9C910C-F1B2-4B23-8C64-85DEF0BA56D2}.Debug|x86.ActiveCfg = Debug|x86
		{3E9C910C-F1B2-4B23-8C64-85DEF0BA56D2}.Debug|x86.Build.0 = Debug|x86
		{3E9C910C-F1B2-4B23-8C64-85DEF0BA56D2}.Release|x86.ActiveCfg = Release|x86
		{3E9C910C-F1B2-4B23-8C64-85DEF0BA56D2}.Release|x86.Build.0 = Release|x86
		{B65FF94B-CA08-4E76-917A-680D8E199C19}.Debug|x86.ActiveCfg = Debug|x86
		{B65FF94B-CA08-4E76-917A-680D8E199C19}.Debug|x86.Build.0 = Debug|x86
		{B65FF94B-CA08-4E76-917A-680D8E199C19}.Release|x86.ActiveCfg = Release|x86
		{B65FF94B-CA08-4E76-917A-680D8E199C19}.Release|x86.Build.0 = Release|x86
		{111763F7-0F9A-4927-BC70-599557770161}.Debug|x86.ActiveCfg = Debug|x86
		{111763F7-0F9A-4927-BC70-599557770161}.Debug|x86.Build.0 = Debug|x86
		{111763F7-0F9A-4927-BC70-599557770161}.Release|x86.ActiveCfg = Release|x86
		{111763F7-0F9A-4927-BC70-599557770161}.Release|x86.Build.0 = Release|x86
		{631F4DFC-8244-4DE4-BB12-5CF60B8935B6}.Debug|x86.ActiveCfg = Debug|x86
		{631F4DFC-8244-4DE4-BB12-5CF60B8935B6}.Debug|x86.Build.0 = Debug|x86
		{631F4DFC-8244-4DE4-BB12-5CF60B8935B6}.Release|x86.ActiveCfg = Release|x86
		{631F4DFC-8244-4DE4-BB12-5CF60B8935B6}.Release|x86.Build.0 = Release|x86
		{987A1AE0-F76E-4963-982F-EBADAE694DBC}.Debug|x86.ActiveCfg = Debug|x86
		{987A1AE0-F76E-4963-982F-EBADAE694DBC}.Debug|x86.Build.0 = Debug|x86
		{987A1AE0-F76E-4963-982F-EBADAE694DBC}.Release|x86.ActiveCfg = Release|x86
		{987A1AE0-F76E-4963-982F-EBADAE694DBC}.Release|x86.Build.0 = Release|x86
	EndGlobalSection
	GlobalSection(SolutionProperties) = preSolution
		HideSolutionNode = FALSE
	EndGlobalSection
EndGlobal
